
Microsoft Visual Studio Solution File, Format Version 10.00
# Visual Studio 2008
Project("{FAE04EC0-301F-11D3-BF4B-00C04F79EFBC}") = "DukeBuilder", "Source\Core\DukeBuilder.csproj", "{818B3D10-F791-4C3F-9AF5-BB2D0079B63C}"
EndProject
Project("{FAE04EC0-301F-11D3-BF4B-00C04F79EFBC}") = "EditModes", "Source\Plugins\BuilderModes\EditModes.csproj", "{B42D5AA0-F9A6-4234-9C4B-A05B11A64851}"
EndProject
Global
	GlobalSection(SolutionConfigurationPlatforms) = preSolution
		Debug + Profiler|Any CPU = Debug + Profiler|Any CPU
		Debug + Profiler|Mixed Platforms = Debug + Profiler|Mixed Platforms
		Debug + Profiler|Win32 = Debug + Profiler|Win32
		Debug + Profiler|x86 = Debug + Profiler|x86
		Debug|Any CPU = Debug|Any CPU
		Debug|Mixed Platforms = Debug|Mixed Platforms
		Debug|Win32 = Debug|Win32
		Debug|x86 = Debug|x86
		Release + Profiler|Any CPU = Release + Profiler|Any CPU
		Release + Profiler|Mixed Platforms = Release + Profiler|Mixed Platforms
		Release + Profiler|Win32 = Release + Profiler|Win32
		Release + Profiler|x86 = Release + Profiler|x86
		Release|Any CPU = Release|Any CPU
		Release|Mixed Platforms = Release|Mixed Platforms
		Release|Win32 = Release|Win32
		Release|x86 = Release|x86
	EndGlobalSection
	GlobalSection(ProjectConfigurationPlatforms) = postSolution
		{818B3D10-F791-4C3F-9AF5-BB2D0079B63C}.Debug + Profiler|Any CPU.ActiveCfg = Debug + Profiler|x86
		{818B3D10-F791-4C3F-9AF5-BB2D0079B63C}.Debug + Profiler|Mixed Platforms.ActiveCfg = Debug + Profiler|x86
		{818B3D10-F791-4C3F-9AF5-BB2D0079B63C}.Debug + Profiler|Mixed Platforms.Build.0 = Debug + Profiler|x86
		{818B3D10-F791-4C3F-9AF5-BB2D0079B63C}.Debug + Profiler|Win32.ActiveCfg = Debug + Profiler|x86
		{818B3D10-F791-4C3F-9AF5-BB2D0079B63C}.Debug + Profiler|x86.ActiveCfg = Debug + Profiler|x86
		{818B3D10-F791-4C3F-9AF5-BB2D0079B63C}.Debug + Profiler|x86.Build.0 = Debug + Profiler|x86
		{818B3D10-F791-4C3F-9AF5-BB2D0079B63C}.Debug|Any CPU.ActiveCfg = Debug|x86
		{818B3D10-F791-4C3F-9AF5-BB2D0079B63C}.Debug|Mixed Platforms.ActiveCfg = Debug|x86
		{818B3D10-F791-4C3F-9AF5-BB2D0079B63C}.Debug|Mixed Platforms.Build.0 = Debug|x86
		{818B3D10-F791-4C3F-9AF5-BB2D0079B63C}.Debug|Win32.ActiveCfg = Debug|x86
		{818B3D10-F791-4C3F-9AF5-BB2D0079B63C}.Debug|x86.ActiveCfg = Debug|x86
		{818B3D10-F791-4C3F-9AF5-BB2D0079B63C}.Debug|x86.Build.0 = Debug|x86
		{818B3D10-F791-4C3F-9AF5-BB2D0079B63C}.Release + Profiler|Any CPU.ActiveCfg = Release + Profiler|x86
		{818B3D10-F791-4C3F-9AF5-BB2D0079B63C}.Release + Profiler|Mixed Platforms.ActiveCfg = Release + Profiler|x86
		{818B3D10-F791-4C3F-9AF5-BB2D0079B63C}.Release + Profiler|Mixed Platforms.Build.0 = Release + Profiler|x86
		{818B3D10-F791-4C3F-9AF5-BB2D0079B63C}.Release + Profiler|Win32.ActiveCfg = Release + Profiler|x86
		{818B3D10-F791-4C3F-9AF5-BB2D0079B63C}.Release + Profiler|x86.ActiveCfg = Release + Profiler|x86
		{818B3D10-F791-4C3F-9AF5-BB2D0079B63C}.Release + Profiler|x86.Build.0 = Release + Profiler|x86
		{818B3D10-F791-4C3F-9AF5-BB2D0079B63C}.Release|Any CPU.ActiveCfg = Release|x86
		{818B3D10-F791-4C3F-9AF5-BB2D0079B63C}.Release|Mixed Platforms.ActiveCfg = Release|x86
		{818B3D10-F791-4C3F-9AF5-BB2D0079B63C}.Release|Mixed Platforms.Build.0 = Release|x86
		{818B3D10-F791-4C3F-9AF5-BB2D0079B63C}.Release|Win32.ActiveCfg = Release|x86
		{818B3D10-F791-4C3F-9AF5-BB2D0079B63C}.Release|x86.ActiveCfg = Release|x86
		{818B3D10-F791-4C3F-9AF5-BB2D0079B63C}.Release|x86.Build.0 = Release|x86
		{B42D5AA0-F9A6-4234-9C4B-A05B11A64851}.Debug + Profiler|Any CPU.ActiveCfg = Debug + Profiler|x86
		{B42D5AA0-F9A6-4234-9C4B-A05B11A64851}.Debug + Profiler|Mixed Platforms.ActiveCfg = Debug + Profiler|x86
		{B42D5AA0-F9A6-4234-9C4B-A05B11A64851}.Debug + Profiler|Mixed Platforms.Build.0 = Debug + Profiler|x86
		{B42D5AA0-F9A6-4234-9C4B-A05B11A64851}.Debug + Profiler|Win32.ActiveCfg = Debug + Profiler|x86
		{B42D5AA0-F9A6-4234-9C4B-A05B11A64851}.Debug + Profiler|x86.ActiveCfg = Debug + Profiler|x86
		{B42D5AA0-F9A6-4234-9C4B-A05B11A64851}.Debug + Profiler|x86.Build.0 = Debug + Profiler|x86
		{B42D5AA0-F9A6-4234-9C4B-A05B11A64851}.Debug|Any CPU.ActiveCfg = Debug|x86
		{B42D5AA0-F9A6-4234-9C4B-A05B11A64851}.Debug|Mixed Platforms.ActiveCfg = Debug|x86
		{B42D5AA0-F9A6-4234-9C4B-A05B11A64851}.Debug|Mixed Platforms.Build.0 = Debug|x86
		{B42D5AA0-F9A6-4234-9C4B-A05B11A64851}.Debug|Win32.ActiveCfg = Debug|x86
		{B42D5AA0-F9A6-4234-9C4B-A05B11A64851}.Debug|x86.ActiveCfg = Debug|x86
		{B42D5AA0-F9A6-4234-9C4B-A05B11A64851}.Debug|x86.Build.0 = Debug|x86
		{B42D5AA0-F9A6-4234-9C4B-A05B11A64851}.Release + Profiler|Any CPU.ActiveCfg = Release + Profiler|x86
		{B42D5AA0-F9A6-4234-9C4B-A05B11A64851}.Release + Profiler|Mixed Platforms.ActiveCfg = Release + Profiler|x86
		{B42D5AA0-F9A6-4234-9C4B-A05B11A64851}.Release + Profiler|Mixed Platforms.Build.0 = Release + Profiler|x86
		{B42D5AA0-F9A6-4234-9C4B-A05B11A64851}.Release + Profiler|Win32.ActiveCfg = Release + Profiler|x86
		{B42D5AA0-F9A6-4234-9C4B-A05B11A64851}.Release + Profiler|x86.ActiveCfg = Release + Profiler|x86
		{B42D5AA0-F9A6-4234-9C4B-A05B11A64851}.Release + Profiler|x86.Build.0 = Release + Profiler|x86
		{B42D5AA0-F9A6-4234-9C4B-A05B11A64851}.Release|Any CPU.ActiveCfg = Release|x86
		{B42D5AA0-F9A6-4234-9C4B-A05B11A64851}.Release|Mixed Platforms.ActiveCfg = Release|x86
		{B42D5AA0-F9A6-4234-9C4B-A05B11A64851}.Release|Mixed Platforms.Build.0 = Release|x86
		{B42D5AA0-F9A6-4234-9C4B-A05B11A64851}.Release|Win32.ActiveCfg = Release|x86
		{B42D5AA0-F9A6-4234-9C4B-A05B11A64851}.Release|x86.ActiveCfg = Release|x86
		{B42D5AA0-F9A6-4234-9C4B-A05B11A64851}.Release|x86.Build.0 = Release|x86
	EndGlobalSection
	GlobalSection(SolutionProperties) = preSolution
		HideSolutionNode = FALSE
	EndGlobalSection
EndGlobal
